# THIS IS AN AUTOGENERATED FILE. DO NOT EDIT THIS FILE DIRECTLY.
# yarn lockfile v1


"@types/convict@6.1.1":
  version "6.1.1"
  resolved "https://registry.yarnpkg.com/@types/convict/-/convict-6.1.1.tgz#6752095a7fbf0fb5a50bb0016515a9c987ca5a29"
  integrity sha512-R+JLaTvhsD06p4jyjUDtbd5xMtZTRE3c0iI+lrFWZogSVEjgTWPYwvJPVf+t92E+yrlbXa4X4Eg9ro6gPdUt4w==
  dependencies:
    "@types/node" "*"

"@types/node@*":
  version "17.0.23"
  resolved "https://registry.yarnpkg.com/@types/node/-/node-17.0.23.tgz#3b41a6e643589ac6442bdbd7a4a3ded62f33f7da"
  integrity sha512-UxDxWn7dl97rKVeVS61vErvw086aCYhDLyvRQZ5Rk65rZKepaFdm53GeqXaKBuOhED4e9uWq34IC3TdSdJJ2Gw==

convict@6.2.1:
  version "6.2.1"
  resolved "https://registry.yarnpkg.com/convict/-/convict-6.2.1.tgz#9c7f1442d8d0421b2ac72062e7b52c444b2827eb"
  integrity sha512-Mn4AJiYkR3TAZH1Xm/RU7gFS/0kM5TBSAQDry8y40Aez0ASY+3boUhv+3QE5XbOXiXM2JjdhkKve3IsBvWCibQ==
  dependencies:
    lodash.clonedeep "^4.5.0"
    yargs-parser "^20.2.7"

lodash.clonedeep@^4.5.0:
  version "4.5.0"
  resolved "https://registry.yarnpkg.com/lodash.clonedeep/-/lodash.clonedeep-4.5.0.tgz#e23f3f9c4f8fbdde872529c1071857a086e5ccef"
  integrity sha1-4j8/nE+Pvd6HJSnBBxhXoIblzO8=

typescript@4.6.3:
  version "4.6.3"
  resolved "https://registry.yarnpkg.com/typescript/-/typescript-4.6.3.tgz#eefeafa6afdd31d725584c67a0eaba80f6fc6c6c"
  integrity sha512-yNIatDa5iaofVozS/uQJEl3JRWLKKGJKh6Yaiv0GLGSuhpFJe7P3SbHZ8/yjAHRQwKRoA6YZqlfjXWmVzoVSMw==

yargs-parser@^20.2.7:
  version "20.2.9"
  resolved "https://registry.yarnpkg.com/yargs-parser/-/yargs-parser-20.2.9.tgz#2eb7dc3b0289718fc295f362753845c41a0c94ee"
  integrity sha512-y11nGElTIV+CT3Zv9t7VKl+Q3hTQoT9a1Qzezhhl6Rp21gJ/IVTW7Z3y9EWXhuUBC2Shnf+DX0antecpAwSP8w==
